
Microsoft Visual Studio Solution File, Format Version 12.00
Project("{FAE04EC0-301F-11D3-BF4B-00C04F79EFBC}") = "Day01_Trebuchet", "Day01_Trebuchet\Day01_Trebuchet.csproj", "{B286E708-9F99-4E18-BBB8-BD7F89B05504}"
EndProject
Project("{FAE04EC0-301F-11D3-BF4B-00C04F79EFBC}") = "Day01_Trebuchet.Test", "Day01_Trebuchet.Test\Day01_Trebuchet.Test.csproj", "{E621D88D-2C41-45FB-9AC8-00789D2B565D}"
EndProject
Project("{FAE04EC0-301F-11D3-BF4B-00C04F79EFBC}") = "Day02_CubeConundrum", "Day02_CubeConundrum\Day02_CubeConundrum.csproj", "{3CCF7580-D82A-4E4B-B8D1-2F2ED20732FE}"
EndProject
Project("{FAE04EC0-301F-11D3-BF4B-00C04F79EFBC}") = "Day02_CubeConundrum.Test", "Day02_CubeConundrum.Test\Day02_CubeConundrum.Test.csproj", "{7160BF65-A6AA-4A19-86DE-9630C7F71085}"
EndProject
Project("{FAE04EC0-301F-11D3-BF4B-00C04F79EFBC}") = "Day03_GearRatios", "Day03_GearRatios\Day03_GearRatios.csproj", "{491F06CA-3309-40FC-8423-A6BB9F77CA60}"
EndProject
Project("{FAE04EC0-301F-11D3-BF4B-00C04F79EFBC}") = "Day03_GearRatios.Test", "Day03_GearRatios.Test\Day03_GearRatios.Test.csproj", "{9317799E-8B6F-41A1-B737-4C7AFDB16860}"
EndProject
Project("{2150E333-8FDC-42A3-9474-1A3956D46DE8}") = "2023", "2023", "{6AAD7BCB-E253-4F99-980C-A1BD99BC2245}"
EndProject
Global
	GlobalSection(SolutionConfigurationPlatforms) = preSolution
		Debug|Any CPU = Debug|Any CPU
		Release|Any CPU = Release|Any CPU
	EndGlobalSection
	GlobalSection(ProjectConfigurationPlatforms) = postSolution
		{B286E708-9F99-4E18-BBB8-BD7F89B05504}.Debug|Any CPU.ActiveCfg = Debug|Any CPU
		{B286E708-9F99-4E18-BBB8-BD7F89B05504}.Debug|Any CPU.Build.0 = Debug|Any CPU
		{B286E708-9F99-4E18-BBB8-BD7F89B05504}.Release|Any CPU.ActiveCfg = Release|Any CPU
		{B286E708-9F99-4E18-BBB8-BD7F89B05504}.Release|Any CPU.Build.0 = Release|Any CPU
		{E621D88D-2C41-45FB-9AC8-00789D2B565D}.Debug|Any CPU.ActiveCfg = Debug|Any CPU
		{E621D88D-2C41-45FB-9AC8-00789D2B565D}.Debug|Any CPU.Build.0 = Debug|Any CPU
		{E621D88D-2C41-45FB-9AC8-00789D2B565D}.Release|Any CPU.ActiveCfg = Release|Any CPU
		{E621D88D-2C41-45FB-9AC8-00789D2B565D}.Release|Any CPU.Build.0 = Release|Any CPU
		{3CCF7580-D82A-4E4B-B8D1-2F2ED20732FE}.Debug|Any CPU.ActiveCfg = Debug|Any CPU
		{3CCF7580-D82A-4E4B-B8D1-2F2ED20732FE}.Debug|Any CPU.Build.0 = Debug|Any CPU
		{3CCF7580-D82A-4E4B-B8D1-2F2ED20732FE}.Release|Any CPU.ActiveCfg = Release|Any CPU
		{3CCF7580-D82A-4E4B-B8D1-2F2ED20732FE}.Release|Any CPU.Build.0 = Release|Any CPU
		{7160BF65-A6AA-4A19-86DE-9630C7F71085}.Debug|Any CPU.ActiveCfg = Debug|Any CPU
		{7160BF65-A6AA-4A19-86DE-9630C7F71085}.Debug|Any CPU.Build.0 = Debug|Any CPU
		{7160BF65-A6AA-4A19-86DE-9630C7F71085}.Release|Any CPU.ActiveCfg = Release|Any CPU
		{7160BF65-A6AA-4A19-86DE-9630C7F71085}.Release|Any CPU.Build.0 = Release|Any CPU
		{491F06CA-3309-40FC-8423-A6BB9F77CA60}.Debug|Any CPU.ActiveCfg = Debug|Any CPU
		{491F06CA-3309-40FC-8423-A6BB9F77CA60}.Debug|Any CPU.Build.0 = Debug|Any CPU
		{491F06CA-3309-40FC-8423-A6BB9F77CA60}.Release|Any CPU.ActiveCfg = Release|Any CPU
		{491F06CA-3309-40FC-8423-A6BB9F77CA60}.Release|Any CPU.Build.0 = Release|Any CPU
		{9317799E-8B6F-41A1-B737-4C7AFDB16860}.Debug|Any CPU.ActiveCfg = Debug|Any CPU
		{9317799E-8B6F-41A1-B737-4C7AFDB16860}.Debug|Any CPU.Build.0 = Debug|Any CPU
		{9317799E-8B6F-41A1-B737-4C7AFDB16860}.Release|Any CPU.ActiveCfg = Release|Any CPU
		{9317799E-8B6F-41A1-B737-4C7AFDB16860}.Release|Any CPU.Build.0 = Release|Any CPU
	EndGlobalSection
	GlobalSection(NestedProjects) = preSolution
		{B286E708-9F99-4E18-BBB8-BD7F89B05504} = {6AAD7BCB-E253-4F99-980C-A1BD99BC2245}
		{E621D88D-2C41-45FB-9AC8-00789D2B565D} = {6AAD7BCB-E253-4F99-980C-A1BD99BC2245}
		{3CCF7580-D82A-4E4B-B8D1-2F2ED20732FE} = {6AAD7BCB-E253-4F99-980C-A1BD99BC2245}
		{7160BF65-A6AA-4A19-86DE-9630C7F71085} = {6AAD7BCB-E253-4F99-980C-A1BD99BC2245}
		{491F06CA-3309-40FC-8423-A6BB9F77CA60} = {6AAD7BCB-E253-4F99-980C-A1BD99BC2245}
		{9317799E-8B6F-41A1-B737-4C7AFDB16860} = {6AAD7BCB-E253-4F99-980C-A1BD99BC2245}
	EndGlobalSection
EndGlobal
