
Microsoft Visual Studio Solution File, Format Version 12.00
Project("{FAE04EC0-301F-11D3-BF4B-00C04F79EFBC}") = "Trebuchet", "Trebuchet\Trebuchet.csproj", "{B286E708-9F99-4E18-BBB8-BD7F89B05504}"
EndProject
Project("{FAE04EC0-301F-11D3-BF4B-00C04F79EFBC}") = "Trebuchet.Test", "Trebuchet.Test\Trebuchet.Test.csproj", "{E621D88D-2C41-45FB-9AC8-00789D2B565D}"
EndProject
Global
	GlobalSection(SolutionConfigurationPlatforms) = preSolution
		Debug|Any CPU = Debug|Any CPU
		Release|Any CPU = Release|Any CPU
	EndGlobalSection
	GlobalSection(ProjectConfigurationPlatforms) = postSolution
		{B286E708-9F99-4E18-BBB8-BD7F89B05504}.Debug|Any CPU.ActiveCfg = Debug|Any CPU
		{B286E708-9F99-4E18-BBB8-BD7F89B05504}.Debug|Any CPU.Build.0 = Debug|Any CPU
		{B286E708-9F99-4E18-BBB8-BD7F89B05504}.Release|Any CPU.ActiveCfg = Release|Any CPU
		{B286E708-9F99-4E18-BBB8-BD7F89B05504}.Release|Any CPU.Build.0 = Release|Any CPU
		{E621D88D-2C41-45FB-9AC8-00789D2B565D}.Debug|Any CPU.ActiveCfg = Debug|Any CPU
		{E621D88D-2C41-45FB-9AC8-00789D2B565D}.Debug|Any CPU.Build.0 = Debug|Any CPU
		{E621D88D-2C41-45FB-9AC8-00789D2B565D}.Release|Any CPU.ActiveCfg = Release|Any CPU
		{E621D88D-2C41-45FB-9AC8-00789D2B565D}.Release|Any CPU.Build.0 = Release|Any CPU
	EndGlobalSection
EndGlobal
